
Microsoft Visual Studio Solution File, Format Version 12.00
# Visual Studio Version 17
VisualStudioVersion = 17.13.35919.96
MinimumVisualStudioVersion = 10.0.40219.1
Project("{2150E333-8FDC-42A3-9474-1A3956D46DE8}") = "src", "src", "{827E0CD3-B72D-47B6-A68D-7590B98EB39B}"
EndProject
Project("{2150E333-8FDC-42A3-9474-1A3956D46DE8}") = "AK.Products.Domain", "AK.Products.Domain", "{1474BB34-A0D1-E03A-66A7-CA08213B8C9A}"
EndProject
Project("{FAE04EC0-301F-11D3-BF4B-00C04F79EFBC}") = "AK.Products.Domain", "src\AK.Products.Domain\AK.Products.Domain\AK.Products.Domain.csproj", "{2C9269EA-64E9-4836-BD35-5B4BE998F424}"
EndProject
Project("{FAE04EC0-301F-11D3-BF4B-00C04F79EFBC}") = "AK.Products.Application", "src\AK.Products.Application\AK.Products.Application\AK.Products.Application.csproj", "{99D5AE04-81AA-4AA3-829E-B29D1B74281B}"
EndProject
Project("{FAE04EC0-301F-11D3-BF4B-00C04F79EFBC}") = "AK.Products.Infrastructure", "src\AK.Products.Infrastructure\AK.Products.Infrastructure\AK.Products.Infrastructure.csproj", "{828FDEFD-D314-411A-AD5B-D94CAED0AB38}"
EndProject
Project("{FAE04EC0-301F-11D3-BF4B-00C04F79EFBC}") = "AK.Products.API", "src\AK.Products.API\AK.Products.API\AK.Products.API.csproj", "{6C039839-B826-4628-A60B-63FA6B5E6D2A}"
EndProject
Project("{FAE04EC0-301F-11D3-BF4B-00C04F79EFBC}") = "AK.Products.Tests", "tests\AK.Products.Tests\AK.Products.Tests\AK.Products.Tests.csproj", "{510B1A8C-726E-4AA4-B9BB-AF7855A38584}"
EndProject
Project("{2150E333-8FDC-42A3-9474-1A3956D46DE8}") = "AK.BuildingBlocks", "AK.BuildingBlocks", "{63E86623-D187-D25C-8F25-C88D0A9865D2}"
EndProject
Project("{FAE04EC0-301F-11D3-BF4B-00C04F79EFBC}") = "AK.BuildingBlocks", "src\AK.BuildingBlocks\AK.BuildingBlocks\AK.BuildingBlocks.csproj", "{7074908D-B538-4D0F-BFA3-10ED1498C8F6}"
EndProject
Project("{2150E333-8FDC-42A3-9474-1A3956D46DE8}") = "AK.Discount.Domain", "AK.Discount.Domain", "{F6D2E221-5409-89A0-DAF0-90BAF80E9F3E}"
EndProject
Project("{FAE04EC0-301F-11D3-BF4B-00C04F79EFBC}") = "AK.Discount.Domain", "src\AK.Discount.Domain\AK.Discount.Domain\AK.Discount.Domain.csproj", "{671B13EC-A203-4BFF-BCA3-9263E7804464}"
EndProject
Project("{2150E333-8FDC-42A3-9474-1A3956D46DE8}") = "AK.Discount.Application", "AK.Discount.Application", "{680B9A53-CC87-7A75-459F-40640FB63B1A}"
EndProject
Project("{FAE04EC0-301F-11D3-BF4B-00C04F79EFBC}") = "AK.Discount.Application", "src\AK.Discount.Application\AK.Discount.Application\AK.Discount.Application.csproj", "{84CEC159-34F9-45DF-89F1-2CDA4AE38826}"
EndProject
Project("{2150E333-8FDC-42A3-9474-1A3956D46DE8}") = "AK.Discount.Infrastructure", "AK.Discount.Infrastructure", "{97E2B809-42CF-0D9A-7B14-10FED4C696B7}"
EndProject
Project("{FAE04EC0-301F-11D3-BF4B-00C04F79EFBC}") = "AK.Discount.Infrastructure", "src\AK.Discount.Infrastructure\AK.Discount.Infrastructure\AK.Discount.Infrastructure.csproj", "{761CF29F-0BD0-4F45-9CA2-10A0166CAFC5}"
EndProject
Project("{2150E333-8FDC-42A3-9474-1A3956D46DE8}") = "AK.Discount.Grpc", "AK.Discount.Grpc", "{4AAEC912-04E4-9613-A5E4-8B45F1439A24}"
EndProject
Project("{FAE04EC0-301F-11D3-BF4B-00C04F79EFBC}") = "AK.Discount.Grpc", "src\AK.Discount.Grpc\AK.Discount.Grpc\AK.Discount.Grpc.csproj", "{05EEA03C-3A32-4136-ACFC-C11F393AA8E9}"
EndProject
Project("{2150E333-8FDC-42A3-9474-1A3956D46DE8}") = "tests", "tests", "{0AB3BF05-4346-4AA6-1389-037BE0695223}"
EndProject
Project("{2150E333-8FDC-42A3-9474-1A3956D46DE8}") = "AK.Discount.Tests", "AK.Discount.Tests", "{B8F433F8-3F43-FE72-DA43-F3F9230550CD}"
EndProject
Project("{FAE04EC0-301F-11D3-BF4B-00C04F79EFBC}") = "AK.Discount.Tests", "tests\AK.Discount.Tests\AK.Discount.Tests\AK.Discount.Tests.csproj", "{B408D836-B3A6-4865-A3E7-3B649D0D3C40}"
EndProject
Global
	GlobalSection(SolutionConfigurationPlatforms) = preSolution
		Debug|Any CPU = Debug|Any CPU
		Debug|x64 = Debug|x64
		Debug|x86 = Debug|x86
		Release|Any CPU = Release|Any CPU
		Release|x64 = Release|x64
		Release|x86 = Release|x86
	EndGlobalSection
	GlobalSection(ProjectConfigurationPlatforms) = postSolution
		{2C9269EA-64E9-4836-BD35-5B4BE998F424}.Debug|Any CPU.ActiveCfg = Debug|Any CPU
		{2C9269EA-64E9-4836-BD35-5B4BE998F424}.Debug|Any CPU.Build.0 = Debug|Any CPU
		{2C9269EA-64E9-4836-BD35-5B4BE998F424}.Debug|x64.ActiveCfg = Debug|Any CPU
		{2C9269EA-64E9-4836-BD35-5B4BE998F424}.Debug|x64.Build.0 = Debug|Any CPU
		{2C9269EA-64E9-4836-BD35-5B4BE998F424}.Debug|x86.ActiveCfg = Debug|Any CPU
		{2C9269EA-64E9-4836-BD35-5B4BE998F424}.Debug|x86.Build.0 = Debug|Any CPU
		{2C9269EA-64E9-4836-BD35-5B4BE998F424}.Release|Any CPU.ActiveCfg = Release|Any CPU
		{2C9269EA-64E9-4836-BD35-5B4BE998F424}.Release|Any CPU.Build.0 = Release|Any CPU
		{2C9269EA-64E9-4836-BD35-5B4BE998F424}.Release|x64.ActiveCfg = Release|Any CPU
		{2C9269EA-64E9-4836-BD35-5B4BE998F424}.Release|x64.Build.0 = Release|Any CPU
		{2C9269EA-64E9-4836-BD35-5B4BE998F424}.Release|x86.ActiveCfg = Release|Any CPU
		{2C9269EA-64E9-4836-BD35-5B4BE998F424}.Release|x86.Build.0 = Release|Any CPU
		{99D5AE04-81AA-4AA3-829E-B29D1B74281B}.Debug|Any CPU.ActiveCfg = Debug|Any CPU
		{99D5AE04-81AA-4AA3-829E-B29D1B74281B}.Debug|Any CPU.Build.0 = Debug|Any CPU
		{99D5AE04-81AA-4AA3-829E-B29D1B74281B}.Debug|x64.ActiveCfg = Debug|Any CPU
		{99D5AE04-81AA-4AA3-829E-B29D1B74281B}.Debug|x64.Build.0 = Debug|Any CPU
		{99D5AE04-81AA-4AA3-829E-B29D1B74281B}.Debug|x86.ActiveCfg = Debug|Any CPU
		{99D5AE04-81AA-4AA3-829E-B29D1B74281B}.Debug|x86.Build.0 = Debug|Any CPU
		{99D5AE04-81AA-4AA3-829E-B29D1B74281B}.Release|Any CPU.ActiveCfg = Release|Any CPU
		{99D5AE04-81AA-4AA3-829E-B29D1B74281B}.Release|Any CPU.Build.0 = Release|Any CPU
		{99D5AE04-81AA-4AA3-829E-B29D1B74281B}.Release|x64.ActiveCfg = Release|Any CPU
		{99D5AE04-81AA-4AA3-829E-B29D1B74281B}.Release|x64.Build.0 = Release|Any CPU
		{99D5AE04-81AA-4AA3-829E-B29D1B74281B}.Release|x86.ActiveCfg = Release|Any CPU
		{99D5AE04-81AA-4AA3-829E-B29D1B74281B}.Release|x86.Build.0 = Release|Any CPU
		{828FDEFD-D314-411A-AD5B-D94CAED0AB38}.Debug|Any CPU.ActiveCfg = Debug|Any CPU
		{828FDEFD-D314-411A-AD5B-D94CAED0AB38}.Debug|Any CPU.Build.0 = Debug|Any CPU
		{828FDEFD-D314-411A-AD5B-D94CAED0AB38}.Debug|x64.ActiveCfg = Debug|Any CPU
		{828FDEFD-D314-411A-AD5B-D94CAED0AB38}.Debug|x64.Build.0 = Debug|Any CPU
		{828FDEFD-D314-411A-AD5B-D94CAED0AB38}.Debug|x86.ActiveCfg = Debug|Any CPU
		{828FDEFD-D314-411A-AD5B-D94CAED0AB38}.Debug|x86.Build.0 = Debug|Any CPU
		{828FDEFD-D314-411A-AD5B-D94CAED0AB38}.Release|Any CPU.ActiveCfg = Release|Any CPU
		{828FDEFD-D314-411A-AD5B-D94CAED0AB38}.Release|Any CPU.Build.0 = Release|Any CPU
		{828FDEFD-D314-411A-AD5B-D94CAED0AB38}.Release|x64.ActiveCfg = Release|Any CPU
		{828FDEFD-D314-411A-AD5B-D94CAED0AB38}.Release|x64.Build.0 = Release|Any CPU
		{828FDEFD-D314-411A-AD5B-D94CAED0AB38}.Release|x86.ActiveCfg = Release|Any CPU
		{828FDEFD-D314-411A-AD5B-D94CAED0AB38}.Release|x86.Build.0 = Release|Any CPU
		{6C039839-B826-4628-A60B-63FA6B5E6D2A}.Debug|Any CPU.ActiveCfg = Debug|Any CPU
		{6C039839-B826-4628-A60B-63FA6B5E6D2A}.Debug|Any CPU.Build.0 = Debug|Any CPU
		{6C039839-B826-4628-A60B-63FA6B5E6D2A}.Debug|x64.ActiveCfg = Debug|Any CPU
		{6C039839-B826-4628-A60B-63FA6B5E6D2A}.Debug|x64.Build.0 = Debug|Any CPU
		{6C039839-B826-4628-A60B-63FA6B5E6D2A}.Debug|x86.ActiveCfg = Debug|Any CPU
		{6C039839-B826-4628-A60B-63FA6B5E6D2A}.Debug|x86.Build.0 = Debug|Any CPU
		{6C039839-B826-4628-A60B-63FA6B5E6D2A}.Release|Any CPU.ActiveCfg = Release|Any CPU
		{6C039839-B826-4628-A60B-63FA6B5E6D2A}.Release|Any CPU.Build.0 = Release|Any CPU
		{6C039839-B826-4628-A60B-63FA6B5E6D2A}.Release|x64.ActiveCfg = Release|Any CPU
		{6C039839-B826-4628-A60B-63FA6B5E6D2A}.Release|x64.Build.0 = Release|Any CPU
		{6C039839-B826-4628-A60B-63FA6B5E6D2A}.Release|x86.ActiveCfg = Release|Any CPU
		{6C039839-B826-4628-A60B-63FA6B5E6D2A}.Release|x86.Build.0 = Release|Any CPU
		{510B1A8C-726E-4AA4-B9BB-AF7855A38584}.Debug|Any CPU.ActiveCfg = Debug|Any CPU
		{510B1A8C-726E-4AA4-B9BB-AF7855A38584}.Debug|Any CPU.Build.0 = Debug|Any CPU
		{510B1A8C-726E-4AA4-B9BB-AF7855A38584}.Debug|x64.ActiveCfg = Debug|Any CPU
		{510B1A8C-726E-4AA4-B9BB-AF7855A38584}.Debug|x64.Build.0 = Debug|Any CPU
		{510B1A8C-726E-4AA4-B9BB-AF7855A38584}.Debug|x86.ActiveCfg = Debug|Any CPU
		{510B1A8C-726E-4AA4-B9BB-AF7855A38584}.Debug|x86.Build.0 = Debug|Any CPU
		{510B1A8C-726E-4AA4-B9BB-AF7855A38584}.Release|Any CPU.ActiveCfg = Release|Any CPU
		{510B1A8C-726E-4AA4-B9BB-AF7855A38584}.Release|Any CPU.Build.0 = Release|Any CPU
		{510B1A8C-726E-4AA4-B9BB-AF7855A38584}.Release|x64.ActiveCfg = Release|Any CPU
		{510B1A8C-726E-4AA4-B9BB-AF7855A38584}.Release|x64.Build.0 = Release|Any CPU
		{510B1A8C-726E-4AA4-B9BB-AF7855A38584}.Release|x86.ActiveCfg = Release|Any CPU
		{510B1A8C-726E-4AA4-B9BB-AF7855A38584}.Release|x86.Build.0 = Release|Any CPU
		{7074908D-B538-4D0F-BFA3-10ED1498C8F6}.Debug|Any CPU.ActiveCfg = Debug|Any CPU
		{7074908D-B538-4D0F-BFA3-10ED1498C8F6}.Debug|Any CPU.Build.0 = Debug|Any CPU
		{7074908D-B538-4D0F-BFA3-10ED1498C8F6}.Debug|x64.ActiveCfg = Debug|Any CPU
		{7074908D-B538-4D0F-BFA3-10ED1498C8F6}.Debug|x64.Build.0 = Debug|Any CPU
		{7074908D-B538-4D0F-BFA3-10ED1498C8F6}.Debug|x86.ActiveCfg = Debug|Any CPU
		{7074908D-B538-4D0F-BFA3-10ED1498C8F6}.Debug|x86.Build.0 = Debug|Any CPU
		{7074908D-B538-4D0F-BFA3-10ED1498C8F6}.Release|Any CPU.ActiveCfg = Release|Any CPU
		{7074908D-B538-4D0F-BFA3-10ED1498C8F6}.Release|Any CPU.Build.0 = Release|Any CPU
		{7074908D-B538-4D0F-BFA3-10ED1498C8F6}.Release|x64.ActiveCfg = Release|Any CPU
		{7074908D-B538-4D0F-BFA3-10ED1498C8F6}.Release|x64.Build.0 = Release|Any CPU
		{7074908D-B538-4D0F-BFA3-10ED1498C8F6}.Release|x86.ActiveCfg = Release|Any CPU
		{7074908D-B538-4D0F-BFA3-10ED1498C8F6}.Release|x86.Build.0 = Release|Any CPU
		{671B13EC-A203-4BFF-BCA3-9263E7804464}.Debug|Any CPU.ActiveCfg = Debug|Any CPU
		{671B13EC-A203-4BFF-BCA3-9263E7804464}.Debug|Any CPU.Build.0 = Debug|Any CPU
		{671B13EC-A203-4BFF-BCA3-9263E7804464}.Debug|x64.ActiveCfg = Debug|Any CPU
		{671B13EC-A203-4BFF-BCA3-9263E7804464}.Debug|x64.Build.0 = Debug|Any CPU
		{671B13EC-A203-4BFF-BCA3-9263E7804464}.Debug|x86.ActiveCfg = Debug|Any CPU
		{671B13EC-A203-4BFF-BCA3-9263E7804464}.Debug|x86.Build.0 = Debug|Any CPU
		{671B13EC-A203-4BFF-BCA3-9263E7804464}.Release|Any CPU.ActiveCfg = Release|Any CPU
		{671B13EC-A203-4BFF-BCA3-9263E7804464}.Release|Any CPU.Build.0 = Release|Any CPU
		{671B13EC-A203-4BFF-BCA3-9263E7804464}.Release|x64.ActiveCfg = Release|Any CPU
		{671B13EC-A203-4BFF-BCA3-9263E7804464}.Release|x64.Build.0 = Release|Any CPU
		{671B13EC-A203-4BFF-BCA3-9263E7804464}.Release|x86.ActiveCfg = Release|Any CPU
		{671B13EC-A203-4BFF-BCA3-9263E7804464}.Release|x86.Build.0 = Release|Any CPU
		{84CEC159-34F9-45DF-89F1-2CDA4AE38826}.Debug|Any CPU.ActiveCfg = Debug|Any CPU
		{84CEC159-34F9-45DF-89F1-2CDA4AE38826}.Debug|Any CPU.Build.0 = Debug|Any CPU
		{84CEC159-34F9-45DF-89F1-2CDA4AE38826}.Debug|x64.ActiveCfg = Debug|Any CPU
		{84CEC159-34F9-45DF-89F1-2CDA4AE38826}.Debug|x64.Build.0 = Debug|Any CPU
		{84CEC159-34F9-45DF-89F1-2CDA4AE38826}.Debug|x86.ActiveCfg = Debug|Any CPU
		{84CEC159-34F9-45DF-89F1-2CDA4AE38826}.Debug|x86.Build.0 = Debug|Any CPU
		{84CEC159-34F9-45DF-89F1-2CDA4AE38826}.Release|Any CPU.ActiveCfg = Release|Any CPU
		{84CEC159-34F9-45DF-89F1-2CDA4AE38826}.Release|Any CPU.Build.0 = Release|Any CPU
		{84CEC159-34F9-45DF-89F1-2CDA4AE38826}.Release|x64.ActiveCfg = Release|Any CPU
		{84CEC159-34F9-45DF-89F1-2CDA4AE38826}.Release|x64.Build.0 = Release|Any CPU
		{84CEC159-34F9-45DF-89F1-2CDA4AE38826}.Release|x86.ActiveCfg = Release|Any CPU
		{84CEC159-34F9-45DF-89F1-2CDA4AE38826}.Release|x86.Build.0 = Release|Any CPU
		{761CF29F-0BD0-4F45-9CA2-10A0166CAFC5}.Debug|Any CPU.ActiveCfg = Debug|Any CPU
		{761CF29F-0BD0-4F45-9CA2-10A0166CAFC5}.Debug|Any CPU.Build.0 = Debug|Any CPU
		{761CF29F-0BD0-4F45-9CA2-10A0166CAFC5}.Debug|x64.ActiveCfg = Debug|Any CPU
		{761CF29F-0BD0-4F45-9CA2-10A0166CAFC5}.Debug|x64.Build.0 = Debug|Any CPU
		{761CF29F-0BD0-4F45-9CA2-10A0166CAFC5}.Debug|x86.ActiveCfg = Debug|Any CPU
		{761CF29F-0BD0-4F45-9CA2-10A0166CAFC5}.Debug|x86.Build.0 = Debug|Any CPU
		{761CF29F-0BD0-4F45-9CA2-10A0166CAFC5}.Release|Any CPU.ActiveCfg = Release|Any CPU
		{761CF29F-0BD0-4F45-9CA2-10A0166CAFC5}.Release|Any CPU.Build.0 = Release|Any CPU
		{761CF29F-0BD0-4F45-9CA2-10A0166CAFC5}.Release|x64.ActiveCfg = Release|Any CPU
		{761CF29F-0BD0-4F45-9CA2-10A0166CAFC5}.Release|x64.Build.0 = Release|Any CPU
		{761CF29F-0BD0-4F45-9CA2-10A0166CAFC5}.Release|x86.ActiveCfg = Release|Any CPU
		{761CF29F-0BD0-4F45-9CA2-10A0166CAFC5}.Release|x86.Build.0 = Release|Any CPU
		{05EEA03C-3A32-4136-ACFC-C11F393AA8E9}.Debug|Any CPU.ActiveCfg = Debug|Any CPU
		{05EEA03C-3A32-4136-ACFC-C11F393AA8E9}.Debug|Any CPU.Build.0 = Debug|Any CPU
		{05EEA03C-3A32-4136-ACFC-C11F393AA8E9}.Debug|x64.ActiveCfg = Debug|Any CPU
		{05EEA03C-3A32-4136-ACFC-C11F393AA8E9}.Debug|x64.Build.0 = Debug|Any CPU
		{05EEA03C-3A32-4136-ACFC-C11F393AA8E9}.Debug|x86.ActiveCfg = Debug|Any CPU
		{05EEA03C-3A32-4136-ACFC-C11F393AA8E9}.Debug|x86.Build.0 = Debug|Any CPU
		{05EEA03C-3A32-4136-ACFC-C11F393AA8E9}.Release|Any CPU.ActiveCfg = Release|Any CPU
		{05EEA03C-3A32-4136-ACFC-C11F393AA8E9}.Release|Any CPU.Build.0 = Release|Any CPU
		{05EEA03C-3A32-4136-ACFC-C11F393AA8E9}.Release|x64.ActiveCfg = Release|Any CPU
		{05EEA03C-3A32-4136-ACFC-C11F393AA8E9}.Release|x64.Build.0 = Release|Any CPU
		{05EEA03C-3A32-4136-ACFC-C11F393AA8E9}.Release|x86.ActiveCfg = Release|Any CPU
		{05EEA03C-3A32-4136-ACFC-C11F393AA8E9}.Release|x86.Build.0 = Release|Any CPU
		{B408D836-B3A6-4865-A3E7-3B649D0D3C40}.Debug|Any CPU.ActiveCfg = Debug|Any CPU
		{B408D836-B3A6-4865-A3E7-3B649D0D3C40}.Debug|Any CPU.Build.0 = Debug|Any CPU
		{B408D836-B3A6-4865-A3E7-3B649D0D3C40}.Debug|x64.ActiveCfg = Debug|Any CPU
		{B408D836-B3A6-4865-A3E7-3B649D0D3C40}.Debug|x64.Build.0 = Debug|Any CPU
		{B408D836-B3A6-4865-A3E7-3B649D0D3C40}.Debug|x86.ActiveCfg = Debug|Any CPU
		{B408D836-B3A6-4865-A3E7-3B649D0D3C40}.Debug|x86.Build.0 = Debug|Any CPU
		{B408D836-B3A6-4865-A3E7-3B649D0D3C40}.Release|Any CPU.ActiveCfg = Release|Any CPU
		{B408D836-B3A6-4865-A3E7-3B649D0D3C40}.Release|Any CPU.Build.0 = Release|Any CPU
		{B408D836-B3A6-4865-A3E7-3B649D0D3C40}.Release|x64.ActiveCfg = Release|Any CPU
		{B408D836-B3A6-4865-A3E7-3B649D0D3C40}.Release|x64.Build.0 = Release|Any CPU
		{B408D836-B3A6-4865-A3E7-3B649D0D3C40}.Release|x86.ActiveCfg = Release|Any CPU
		{B408D836-B3A6-4865-A3E7-3B649D0D3C40}.Release|x86.Build.0 = Release|Any CPU
	EndGlobalSection
	GlobalSection(SolutionProperties) = preSolution
		HideSolutionNode = FALSE
	EndGlobalSection
	GlobalSection(NestedProjects) = preSolution
		{1474BB34-A0D1-E03A-66A7-CA08213B8C9A} = {827E0CD3-B72D-47B6-A68D-7590B98EB39B}
		{2C9269EA-64E9-4836-BD35-5B4BE998F424} = {1474BB34-A0D1-E03A-66A7-CA08213B8C9A}
		{99D5AE04-81AA-4AA3-829E-B29D1B74281B} = {1474BB34-A0D1-E03A-66A7-CA08213B8C9A}
		{828FDEFD-D314-411A-AD5B-D94CAED0AB38} = {1474BB34-A0D1-E03A-66A7-CA08213B8C9A}
		{6C039839-B826-4628-A60B-63FA6B5E6D2A} = {1474BB34-A0D1-E03A-66A7-CA08213B8C9A}
		{510B1A8C-726E-4AA4-B9BB-AF7855A38584} = {1474BB34-A0D1-E03A-66A7-CA08213B8C9A}
		{63E86623-D187-D25C-8F25-C88D0A9865D2} = {827E0CD3-B72D-47B6-A68D-7590B98EB39B}
		{7074908D-B538-4D0F-BFA3-10ED1498C8F6} = {63E86623-D187-D25C-8F25-C88D0A9865D2}
		{F6D2E221-5409-89A0-DAF0-90BAF80E9F3E} = {827E0CD3-B72D-47B6-A68D-7590B98EB39B}
		{671B13EC-A203-4BFF-BCA3-9263E7804464} = {F6D2E221-5409-89A0-DAF0-90BAF80E9F3E}
		{680B9A53-CC87-7A75-459F-40640FB63B1A} = {827E0CD3-B72D-47B6-A68D-7590B98EB39B}
		{84CEC159-34F9-45DF-89F1-2CDA4AE38826} = {680B9A53-CC87-7A75-459F-40640FB63B1A}
		{97E2B809-42CF-0D9A-7B14-10FED4C696B7} = {827E0CD3-B72D-47B6-A68D-7590B98EB39B}
		{761CF29F-0BD0-4F45-9CA2-10A0166CAFC5} = {97E2B809-42CF-0D9A-7B14-10FED4C696B7}
		{4AAEC912-04E4-9613-A5E4-8B45F1439A24} = {827E0CD3-B72D-47B6-A68D-7590B98EB39B}
		{05EEA03C-3A32-4136-ACFC-C11F393AA8E9} = {4AAEC912-04E4-9613-A5E4-8B45F1439A24}
		{B8F433F8-3F43-FE72-DA43-F3F9230550CD} = {0AB3BF05-4346-4AA6-1389-037BE0695223}
		{B408D836-B3A6-4865-A3E7-3B649D0D3C40} = {B8F433F8-3F43-FE72-DA43-F3F9230550CD}
	EndGlobalSection
	GlobalSection(ExtensibilityGlobals) = postSolution
		SolutionGuid = {A6BEA109-1FFB-45F6-AA0E-DC0901DA233A}
	EndGlobalSection
EndGlobal
